// !$*UTF8*$!
{
	archiveVersion = 1;
	classes = {
	};
	objectVersion = 50;
	objects = {

/* Begin PBXBuildFile section */
		9B169CAF20CEDFB700895300 /* linkedin-sdk.framework in Frameworks */ = {isa = PBXBuildFile; fileRef = 9B169CAE20CEDFB700895300 /* linkedin-sdk.framework */; };
		9B22E2D720E68400005BA8FA /* Referred.swift in Sources */ = {isa = PBXBuildFile; fileRef = 9B22E2D620E68400005BA8FA /* Referred.swift */; };
		9B39807220D813E5003FE747 /* ReusableIdenfier.swift in Sources */ = {isa = PBXBuildFile; fileRef = 9B39807120D813E5003FE747 /* ReusableIdenfier.swift */; };
		9B39807420D81A16003FE747 /* OpeningDetailsVC.swift in Sources */ = {isa = PBXBuildFile; fileRef = 9B39807320D81A16003FE747 /* OpeningDetailsVC.swift */; };
		9B39809620DAF08F003FE747 /* SegueIdentifier.swift in Sources */ = {isa = PBXBuildFile; fileRef = 9B39809520DAF08F003FE747 /* SegueIdentifier.swift */; };
		9B39809820DD4F97003FE747 /* ContactViewController.swift in Sources */ = {isa = PBXBuildFile; fileRef = 9B39809720DD4F97003FE747 /* ContactViewController.swift */; };
		9B39809A20DD5CF0003FE747 /* ReferViewController.swift in Sources */ = {isa = PBXBuildFile; fileRef = 9B39809920DD5CF0003FE747 /* ReferViewController.swift */; };
		9B5E4BD220FD2BE1005CD336 /* MonthYearPicker.swift in Sources */ = {isa = PBXBuildFile; fileRef = 9B5E4BD120FD2BE1005CD336 /* MonthYearPicker.swift */; };
		9B5E4BD420FE3C01005CD336 /* OAuthHandler.swift in Sources */ = {isa = PBXBuildFile; fileRef = 9B5E4BD320FE3C01005CD336 /* OAuthHandler.swift */; };
		9B5E4BDB20FFB0ED005CD336 /* Localizable.strings in Resources */ = {isa = PBXBuildFile; fileRef = 9B5E4BDD20FFB0ED005CD336 /* Localizable.strings */; };
		9B6C2C1420F7B9FD00D47685 /* UIViewController+ProgressHUD.swift in Sources */ = {isa = PBXBuildFile; fileRef = 9B6C2C1320F7B9FD00D47685 /* UIViewController+ProgressHUD.swift */; };
		9B6C2C1C20F8F1E100D47685 /* ErrorHandler.swift in Sources */ = {isa = PBXBuildFile; fileRef = 9B6C2C1B20F8F1E100D47685 /* ErrorHandler.swift */; };
		9BBB5ED320D189F5006D1801 /* PositionTableViewCell.xib in Resources */ = {isa = PBXBuildFile; fileRef = 9BBB5ED120D189F5006D1801 /* PositionTableViewCell.xib */; };
		9BBB5ED420D189F5006D1801 /* PositionTableViewCell.swift in Sources */ = {isa = PBXBuildFile; fileRef = 9BBB5ED220D189F5006D1801 /* PositionTableViewCell.swift */; };
		9BBFFE5120E2A6850029A772 /* Field.swift in Sources */ = {isa = PBXBuildFile; fileRef = 9BBFFE5020E2A6850029A772 /* Field.swift */; };
		9BBFFE5320E2AAEB0029A772 /* UITableViewCell+ReusableIdentifier.swift in Sources */ = {isa = PBXBuildFile; fileRef = 9BBFFE5220E2AAEB0029A772 /* UITableViewCell+ReusableIdentifier.swift */; };
		9BCD953620D42DEE008B0A87 /* Recruiter.swift in Sources */ = {isa = PBXBuildFile; fileRef = 9BCD953520D42DEE008B0A87 /* Recruiter.swift */; };
		9BD1E36020EFBF92009B973C /* RecruiterTableViewCell.xib in Resources */ = {isa = PBXBuildFile; fileRef = 9BD1E35E20EFBF92009B973C /* RecruiterTableViewCell.xib */; };
		9BD1E36120EFBF92009B973C /* RecruiterTableViewCell.swift in Sources */ = {isa = PBXBuildFile; fileRef = 9BD1E35F20EFBF92009B973C /* RecruiterTableViewCell.swift */; };
		9BE7375920C839E20020AAD4 /* AppDelegate.swift in Sources */ = {isa = PBXBuildFile; fileRef = 9BE7375820C839E20020AAD4 /* AppDelegate.swift */; };
		9BE7375B20C839E20020AAD4 /* OpeningListTVC.swift in Sources */ = {isa = PBXBuildFile; fileRef = 9BE7375A20C839E20020AAD4 /* OpeningListTVC.swift */; };
		9BE7375E20C839E20020AAD4 /* Main.storyboard in Resources */ = {isa = PBXBuildFile; fileRef = 9BE7375C20C839E20020AAD4 /* Main.storyboard */; };
		9BE7376020C839E30020AAD4 /* Assets.xcassets in Resources */ = {isa = PBXBuildFile; fileRef = 9BE7375F20C839E30020AAD4 /* Assets.xcassets */; };
		9BE7376320C839E30020AAD4 /* LaunchScreen.storyboard in Resources */ = {isa = PBXBuildFile; fileRef = 9BE7376120C839E30020AAD4 /* LaunchScreen.storyboard */; };
		9BE7377120C83C760020AAD4 /* Login.storyboard in Resources */ = {isa = PBXBuildFile; fileRef = 9BE7377020C83C760020AAD4 /* Login.storyboard */; };
		9BE7377420C83CEA0020AAD4 /* LoginViewController.swift in Sources */ = {isa = PBXBuildFile; fileRef = 9BE7377320C83CEA0020AAD4 /* LoginViewController.swift */; };
		9BE7377620C8539D0020AAD4 /* ProjectPath.swift in Sources */ = {isa = PBXBuildFile; fileRef = 9BE7377520C8539D0020AAD4 /* ProjectPath.swift */; };
		9BE7377820C87A910020AAD4 /* APIManager.swift in Sources */ = {isa = PBXBuildFile; fileRef = 9BE7377720C87A910020AAD4 /* APIManager.swift */; };
		9BE7377A20C87A990020AAD4 /* APIRouter.swift in Sources */ = {isa = PBXBuildFile; fileRef = 9BE7377920C87A990020AAD4 /* APIRouter.swift */; };
		9BE7377C20C87AA10020AAD4 /* Server.swift in Sources */ = {isa = PBXBuildFile; fileRef = 9BE7377B20C87AA10020AAD4 /* Server.swift */; };
		9BE7377E20C87AAD0020AAD4 /* APIHandler.swift in Sources */ = {isa = PBXBuildFile; fileRef = 9BE7377D20C87AAD0020AAD4 /* APIHandler.swift */; };
		9BE7378020C87E1C0020AAD4 /* DataHandler.swift in Sources */ = {isa = PBXBuildFile; fileRef = 9BE7377F20C87E1C0020AAD4 /* DataHandler.swift */; };
		9BE7378220C87F610020AAD4 /* DataParser.swift in Sources */ = {isa = PBXBuildFile; fileRef = 9BE7378120C87F610020AAD4 /* DataParser.swift */; };
		9BE7378420C87FED0020AAD4 /* Opening.swift in Sources */ = {isa = PBXBuildFile; fileRef = 9BE7378320C87FED0020AAD4 /* Opening.swift */; };
		9BE7378720C882E90020AAD4 /* String+Decode.swift in Sources */ = {isa = PBXBuildFile; fileRef = 9BE7378620C882E90020AAD4 /* String+Decode.swift */; };
		C4F20E8BE82188A8916B7537 /* Pods_Referrals.framework in Frameworks */ = {isa = PBXBuildFile; fileRef = 4D3F7357C98877675BE03632 /* Pods_Referrals.framework */; };
/* End PBXBuildFile section */

/* Begin PBXFileReference section */
		173DA5AC8AD566069A6D43BB /* Pods-Referrals.debug.xcconfig */ = {isa = PBXFileReference; includeInIndex = 1; lastKnownFileType = text.xcconfig; name = "Pods-Referrals.debug.xcconfig"; path = "Pods/Target Support Files/Pods-Referrals/Pods-Referrals.debug.xcconfig"; sourceTree = "<group>"; };
		4D3F7357C98877675BE03632 /* Pods_Referrals.framework */ = {isa = PBXFileReference; explicitFileType = wrapper.framework; includeInIndex = 0; path = Pods_Referrals.framework; sourceTree = BUILT_PRODUCTS_DIR; };
		9B169CAE20CEDFB700895300 /* linkedin-sdk.framework */ = {isa = PBXFileReference; lastKnownFileType = wrapper.framework; path = "linkedin-sdk.framework"; sourceTree = "<group>"; };
		9B22E2D620E68400005BA8FA /* Referred.swift */ = {isa = PBXFileReference; lastKnownFileType = sourcecode.swift; path = Referred.swift; sourceTree = "<group>"; };
		9B39807120D813E5003FE747 /* ReusableIdenfier.swift */ = {isa = PBXFileReference; lastKnownFileType = sourcecode.swift; path = ReusableIdenfier.swift; sourceTree = "<group>"; };
		9B39807320D81A16003FE747 /* OpeningDetailsVC.swift */ = {isa = PBXFileReference; lastKnownFileType = sourcecode.swift; path = OpeningDetailsVC.swift; sourceTree = "<group>"; };
		9B39809420DABFE2003FE747 /* Referral-Bridging-Header.h */ = {isa = PBXFileReference; lastKnownFileType = sourcecode.c.h; path = "Referral-Bridging-Header.h"; sourceTree = "<group>"; };
		9B39809520DAF08F003FE747 /* SegueIdentifier.swift */ = {isa = PBXFileReference; lastKnownFileType = sourcecode.swift; path = SegueIdentifier.swift; sourceTree = "<group>"; };
		9B39809720DD4F97003FE747 /* ContactViewController.swift */ = {isa = PBXFileReference; lastKnownFileType = sourcecode.swift; path = ContactViewController.swift; sourceTree = "<group>"; };
		9B39809920DD5CF0003FE747 /* ReferViewController.swift */ = {isa = PBXFileReference; lastKnownFileType = sourcecode.swift; path = ReferViewController.swift; sourceTree = "<group>"; };
		9B5E4BD120FD2BE1005CD336 /* MonthYearPicker.swift */ = {isa = PBXFileReference; lastKnownFileType = sourcecode.swift; path = MonthYearPicker.swift; sourceTree = "<group>"; };
		9B5E4BD320FE3C01005CD336 /* OAuthHandler.swift */ = {isa = PBXFileReference; lastKnownFileType = sourcecode.swift; path = OAuthHandler.swift; sourceTree = "<group>"; };
		9B5E4BD720FFA0E0005CD336 /* es */ = {isa = PBXFileReference; lastKnownFileType = text.plist.strings; name = es; path = es.lproj/LaunchScreen.strings; sourceTree = "<group>"; };
		9B5E4BD820FFA0E0005CD336 /* es */ = {isa = PBXFileReference; lastKnownFileType = text.plist.strings; name = es; path = es.lproj/Main.strings; sourceTree = "<group>"; };
		9B5E4BDC20FFB0ED005CD336 /* es */ = {isa = PBXFileReference; lastKnownFileType = text.plist.strings; name = es; path = es.lproj/Localizable.strings; sourceTree = "<group>"; };
		9B5E4BDE20FFB67D005CD336 /* en */ = {isa = PBXFileReference; lastKnownFileType = text.plist.strings; name = en; path = en.lproj/Localizable.strings; sourceTree = "<group>"; };
		9B6C2C1320F7B9FD00D47685 /* UIViewController+ProgressHUD.swift */ = {isa = PBXFileReference; lastKnownFileType = sourcecode.swift; path = "UIViewController+ProgressHUD.swift"; sourceTree = "<group>"; };
		9B6C2C1B20F8F1E100D47685 /* ErrorHandler.swift */ = {isa = PBXFileReference; lastKnownFileType = sourcecode.swift; path = ErrorHandler.swift; sourceTree = "<group>"; };
		9BBB5ED120D189F5006D1801 /* PositionTableViewCell.xib */ = {isa = PBXFileReference; lastKnownFileType = file.xib; path = PositionTableViewCell.xib; sourceTree = "<group>"; };
		9BBB5ED220D189F5006D1801 /* PositionTableViewCell.swift */ = {isa = PBXFileReference; lastKnownFileType = sourcecode.swift; path = PositionTableViewCell.swift; sourceTree = "<group>"; };
		9BBFFE5020E2A6850029A772 /* Field.swift */ = {isa = PBXFileReference; lastKnownFileType = sourcecode.swift; path = Field.swift; sourceTree = "<group>"; };
		9BBFFE5220E2AAEB0029A772 /* UITableViewCell+ReusableIdentifier.swift */ = {isa = PBXFileReference; lastKnownFileType = sourcecode.swift; path = "UITableViewCell+ReusableIdentifier.swift"; sourceTree = "<group>"; };
		9BCD953520D42DEE008B0A87 /* Recruiter.swift */ = {isa = PBXFileReference; lastKnownFileType = sourcecode.swift; path = Recruiter.swift; sourceTree = "<group>"; };
		9BD1E35E20EFBF92009B973C /* RecruiterTableViewCell.xib */ = {isa = PBXFileReference; lastKnownFileType = file.xib; path = RecruiterTableViewCell.xib; sourceTree = "<group>"; };
		9BD1E35F20EFBF92009B973C /* RecruiterTableViewCell.swift */ = {isa = PBXFileReference; lastKnownFileType = sourcecode.swift; path = RecruiterTableViewCell.swift; sourceTree = "<group>"; };
		9BE7375520C839E20020AAD4 /* Referrals.app */ = {isa = PBXFileReference; explicitFileType = wrapper.application; includeInIndex = 0; path = Referrals.app; sourceTree = BUILT_PRODUCTS_DIR; };
		9BE7375820C839E20020AAD4 /* AppDelegate.swift */ = {isa = PBXFileReference; lastKnownFileType = sourcecode.swift; path = AppDelegate.swift; sourceTree = "<group>"; };
		9BE7375A20C839E20020AAD4 /* OpeningListTVC.swift */ = {isa = PBXFileReference; lastKnownFileType = sourcecode.swift; path = OpeningListTVC.swift; sourceTree = "<group>"; };
		9BE7375D20C839E20020AAD4 /* Base */ = {isa = PBXFileReference; lastKnownFileType = file.storyboard; name = Base; path = Base.lproj/Main.storyboard; sourceTree = "<group>"; };
		9BE7375F20C839E30020AAD4 /* Assets.xcassets */ = {isa = PBXFileReference; lastKnownFileType = folder.assetcatalog; path = Assets.xcassets; sourceTree = "<group>"; };
		9BE7376220C839E30020AAD4 /* Base */ = {isa = PBXFileReference; lastKnownFileType = file.storyboard; name = Base; path = Base.lproj/LaunchScreen.storyboard; sourceTree = "<group>"; };
		9BE7376420C839E30020AAD4 /* Info.plist */ = {isa = PBXFileReference; lastKnownFileType = text.plist.xml; path = Info.plist; sourceTree = "<group>"; };
		9BE7377020C83C760020AAD4 /* Login.storyboard */ = {isa = PBXFileReference; lastKnownFileType = file.storyboard; path = Login.storyboard; sourceTree = "<group>"; };
		9BE7377320C83CEA0020AAD4 /* LoginViewController.swift */ = {isa = PBXFileReference; lastKnownFileType = sourcecode.swift; path = LoginViewController.swift; sourceTree = "<group>"; };
		9BE7377520C8539D0020AAD4 /* ProjectPath.swift */ = {isa = PBXFileReference; lastKnownFileType = sourcecode.swift; path = ProjectPath.swift; sourceTree = "<group>"; };
		9BE7377720C87A910020AAD4 /* APIManager.swift */ = {isa = PBXFileReference; lastKnownFileType = sourcecode.swift; path = APIManager.swift; sourceTree = "<group>"; };
		9BE7377920C87A990020AAD4 /* APIRouter.swift */ = {isa = PBXFileReference; lastKnownFileType = sourcecode.swift; path = APIRouter.swift; sourceTree = "<group>"; };
		9BE7377B20C87AA10020AAD4 /* Server.swift */ = {isa = PBXFileReference; lastKnownFileType = sourcecode.swift; path = Server.swift; sourceTree = "<group>"; };
		9BE7377D20C87AAD0020AAD4 /* APIHandler.swift */ = {isa = PBXFileReference; lastKnownFileType = sourcecode.swift; path = APIHandler.swift; sourceTree = "<group>"; };
		9BE7377F20C87E1C0020AAD4 /* DataHandler.swift */ = {isa = PBXFileReference; lastKnownFileType = sourcecode.swift; path = DataHandler.swift; sourceTree = "<group>"; };
		9BE7378120C87F610020AAD4 /* DataParser.swift */ = {isa = PBXFileReference; lastKnownFileType = sourcecode.swift; path = DataParser.swift; sourceTree = "<group>"; };
		9BE7378320C87FED0020AAD4 /* Opening.swift */ = {isa = PBXFileReference; lastKnownFileType = sourcecode.swift; path = Opening.swift; sourceTree = "<group>"; };
		9BE7378620C882E90020AAD4 /* String+Decode.swift */ = {isa = PBXFileReference; lastKnownFileType = sourcecode.swift; path = "String+Decode.swift"; sourceTree = "<group>"; };
		C063D25A654D6FF016CA87E3 /* Pods-Referrals.release.xcconfig */ = {isa = PBXFileReference; includeInIndex = 1; lastKnownFileType = text.xcconfig; name = "Pods-Referrals.release.xcconfig"; path = "Pods/Target Support Files/Pods-Referrals/Pods-Referrals.release.xcconfig"; sourceTree = "<group>"; };
/* End PBXFileReference section */

/* Begin PBXFrameworksBuildPhase section */
		9BE7375220C839E20020AAD4 /* Frameworks */ = {
			isa = PBXFrameworksBuildPhase;
			buildActionMask = 2147483647;
			files = (
				9B169CAF20CEDFB700895300 /* linkedin-sdk.framework in Frameworks */,
				C4F20E8BE82188A8916B7537 /* Pods_Referrals.framework in Frameworks */,
			);
			runOnlyForDeploymentPostprocessing = 0;
		};
/* End PBXFrameworksBuildPhase section */

/* Begin PBXGroup section */
		9B6C2C1A20F8F1CF00D47685 /* Error */ = {
			isa = PBXGroup;
			children = (
				9B6C2C1B20F8F1E100D47685 /* ErrorHandler.swift */,
			);
			path = Error;
			sourceTree = "<group>";
		};
		9BE7374C20C839E20020AAD4 = {
			isa = PBXGroup;
			children = (
				9B169CAE20CEDFB700895300 /* linkedin-sdk.framework */,
				9BE7375720C839E20020AAD4 /* Referrals */,
				9BE7375620C839E20020AAD4 /* Products */,
				ACE8FEF2A07DBD45AB174234 /* Pods */,
				F91EF0845047F32A80B5DF01 /* Frameworks */,
			);
			sourceTree = "<group>";
		};
		9BE7375620C839E20020AAD4 /* Products */ = {
			isa = PBXGroup;
			children = (
				9BE7375520C839E20020AAD4 /* Referrals.app */,
			);
			name = Products;
			sourceTree = "<group>";
		};
		9BE7375720C839E20020AAD4 /* Referrals */ = {
			isa = PBXGroup;
			children = (
				9B6C2C1A20F8F1CF00D47685 /* Error */,
				9BE7376E20C83C270020AAD4 /* Utilities */,
				9BE7376D20C83C160020AAD4 /* Data */,
				9BE7376C20C83C0D0020AAD4 /* Controller */,
				9BE7376B20C83C060020AAD4 /* View */,
				9BE7376A20C83BFD0020AAD4 /* Model */,
				9BE7376F20C83C410020AAD4 /* Storyboards */,
				9BE7375820C839E20020AAD4 /* AppDelegate.swift */,
				9B5E4BDD20FFB0ED005CD336 /* Localizable.strings */,
				9BE7376420C839E30020AAD4 /* Info.plist */,
				9B39809420DABFE2003FE747 /* Referral-Bridging-Header.h */,
			);
			path = Referrals;
			sourceTree = "<group>";
		};
		9BE7376A20C83BFD0020AAD4 /* Model */ = {
			isa = PBXGroup;
			children = (
				9BE7378320C87FED0020AAD4 /* Opening.swift */,
				9BCD953520D42DEE008B0A87 /* Recruiter.swift */,
				9BBFFE5020E2A6850029A772 /* Field.swift */,
				9B22E2D620E68400005BA8FA /* Referred.swift */,
			);
			path = Model;
			sourceTree = "<group>";
		};
		9BE7376B20C83C060020AAD4 /* View */ = {
			isa = PBXGroup;
			children = (
				9B5E4BD120FD2BE1005CD336 /* MonthYearPicker.swift */,
				9BBB5ED120D189F5006D1801 /* PositionTableViewCell.xib */,
				9BBB5ED220D189F5006D1801 /* PositionTableViewCell.swift */,
				9BD1E35E20EFBF92009B973C /* RecruiterTableViewCell.xib */,
				9BD1E35F20EFBF92009B973C /* RecruiterTableViewCell.swift */,
			);
			path = View;
			sourceTree = "<group>";
		};
		9BE7376C20C83C0D0020AAD4 /* Controller */ = {
			isa = PBXGroup;
			children = (
				9BE7375A20C839E20020AAD4 /* OpeningListTVC.swift */,
				9BE7377320C83CEA0020AAD4 /* LoginViewController.swift */,
				9B39807320D81A16003FE747 /* OpeningDetailsVC.swift */,
				9B39809720DD4F97003FE747 /* ContactViewController.swift */,
				9B39809920DD5CF0003FE747 /* ReferViewController.swift */,
			);
			path = Controller;
			sourceTree = "<group>";
		};
		9BE7376D20C83C160020AAD4 /* Data */ = {
			isa = PBXGroup;
			children = (
				9BE7377220C83C7E0020AAD4 /* API */,
				9BE7377F20C87E1C0020AAD4 /* DataHandler.swift */,
				9BE7378120C87F610020AAD4 /* DataParser.swift */,
			);
			path = Data;
			sourceTree = "<group>";
		};
		9BE7376E20C83C270020AAD4 /* Utilities */ = {
			isa = PBXGroup;
			children = (
				9BE7378520C882C90020AAD4 /* Extensions */,
				9BE7375F20C839E30020AAD4 /* Assets.xcassets */,
				9BE7377520C8539D0020AAD4 /* ProjectPath.swift */,
				9B39807120D813E5003FE747 /* ReusableIdenfier.swift */,
				9B39809520DAF08F003FE747 /* SegueIdentifier.swift */,
			);
			path = Utilities;
			sourceTree = "<group>";
		};
		9BE7376F20C83C410020AAD4 /* Storyboards */ = {
			isa = PBXGroup;
			children = (
				9BE7376120C839E30020AAD4 /* LaunchScreen.storyboard */,
				9BE7375C20C839E20020AAD4 /* Main.storyboard */,
				9BE7377020C83C760020AAD4 /* Login.storyboard */,
			);
			path = Storyboards;
			sourceTree = "<group>";
		};
		9BE7377220C83C7E0020AAD4 /* API */ = {
			isa = PBXGroup;
			children = (
				9BE7377720C87A910020AAD4 /* APIManager.swift */,
				9BE7377920C87A990020AAD4 /* APIRouter.swift */,
				9BE7377B20C87AA10020AAD4 /* Server.swift */,
				9B5E4BD320FE3C01005CD336 /* OAuthHandler.swift */,
				9BE7377D20C87AAD0020AAD4 /* APIHandler.swift */,
			);
			path = API;
			sourceTree = "<group>";
		};
		9BE7378520C882C90020AAD4 /* Extensions */ = {
			isa = PBXGroup;
			children = (
				9BE7378620C882E90020AAD4 /* String+Decode.swift */,
				9BBFFE5220E2AAEB0029A772 /* UITableViewCell+ReusableIdentifier.swift */,
				9B6C2C1320F7B9FD00D47685 /* UIViewController+ProgressHUD.swift */,
			);
			path = Extensions;
			sourceTree = "<group>";
		};
		ACE8FEF2A07DBD45AB174234 /* Pods */ = {
			isa = PBXGroup;
			children = (
				173DA5AC8AD566069A6D43BB /* Pods-Referrals.debug.xcconfig */,
				C063D25A654D6FF016CA87E3 /* Pods-Referrals.release.xcconfig */,
			);
			name = Pods;
			sourceTree = "<group>";
		};
		F91EF0845047F32A80B5DF01 /* Frameworks */ = {
			isa = PBXGroup;
			children = (
				4D3F7357C98877675BE03632 /* Pods_Referrals.framework */,
			);
			name = Frameworks;
			sourceTree = "<group>";
		};
/* End PBXGroup section */

/* Begin PBXNativeTarget section */
		9BE7375420C839E20020AAD4 /* Referrals */ = {
			isa = PBXNativeTarget;
			buildConfigurationList = 9BE7376720C839E30020AAD4 /* Build configuration list for PBXNativeTarget "Referrals" */;
			buildPhases = (
				25653856BF40D246BE124C00 /* [CP] Check Pods Manifest.lock */,
				9BE7375120C839E20020AAD4 /* Sources */,
				9BE7375220C839E20020AAD4 /* Frameworks */,
				9BE7375320C839E20020AAD4 /* Resources */,
				9B5E4BDF210000DD005CD336 /* ShellScript */,
				3DDA694C9FA2434FA94EB4A2 /* [CP] Embed Pods Frameworks */,
				BCECF50677B575EFEFC5982A /* [CP] Copy Pods Resources */,
			);
			buildRules = (
			);
			dependencies = (
			);
			name = Referrals;
			productName = Referrals;
			productReference = 9BE7375520C839E20020AAD4 /* Referrals.app */;
			productType = "com.apple.product-type.application";
		};
/* End PBXNativeTarget section */

/* Begin PBXProject section */
		9BE7374D20C839E20020AAD4 /* Project object */ = {
			isa = PBXProject;
			attributes = {
				LastSwiftUpdateCheck = 0940;
				LastUpgradeCheck = 0940;
				ORGANIZATIONNAME = "Haydee Rodriguez";
				TargetAttributes = {
					9BE7375420C839E20020AAD4 = {
						CreatedOnToolsVersion = 9.4;
					};
				};
			};
			buildConfigurationList = 9BE7375020C839E20020AAD4 /* Build configuration list for PBXProject "Referrals" */;
			compatibilityVersion = "Xcode 9.3";
			developmentRegion = en;
			hasScannedForEncodings = 0;
			knownRegions = (
				en,
				Base,
			);
			mainGroup = 9BE7374C20C839E20020AAD4;
			productRefGroup = 9BE7375620C839E20020AAD4 /* Products */;
			projectDirPath = "";
			projectRoot = "";
			targets = (
				9BE7375420C839E20020AAD4 /* Referrals */,
			);
		};
/* End PBXProject section */

/* Begin PBXResourcesBuildPhase section */
		9BE7375320C839E20020AAD4 /* Resources */ = {
			isa = PBXResourcesBuildPhase;
			buildActionMask = 2147483647;
			files = (
				9BE7377120C83C760020AAD4 /* Login.storyboard in Resources */,
				9BE7376320C839E30020AAD4 /* LaunchScreen.storyboard in Resources */,
				9BE7376020C839E30020AAD4 /* Assets.xcassets in Resources */,
				9B5E4BDB20FFB0ED005CD336 /* Localizable.strings in Resources */,
				9BBB5ED320D189F5006D1801 /* PositionTableViewCell.xib in Resources */,
				9BE7375E20C839E20020AAD4 /* Main.storyboard in Resources */,
				9BD1E36020EFBF92009B973C /* RecruiterTableViewCell.xib in Resources */,
			);
			runOnlyForDeploymentPostprocessing = 0;
		};
/* End PBXResourcesBuildPhase section */

/* Begin PBXShellScriptBuildPhase section */
		25653856BF40D246BE124C00 /* [CP] Check Pods Manifest.lock */ = {
			isa = PBXShellScriptBuildPhase;
			buildActionMask = 2147483647;
			files = (
			);
			inputPaths = (
				"${PODS_PODFILE_DIR_PATH}/Podfile.lock",
				"${PODS_ROOT}/Manifest.lock",
			);
			name = "[CP] Check Pods Manifest.lock";
			outputPaths = (
				"$(DERIVED_FILE_DIR)/Pods-Referrals-checkManifestLockResult.txt",
			);
			runOnlyForDeploymentPostprocessing = 0;
			shellPath = /bin/sh;
			shellScript = "diff \"${PODS_PODFILE_DIR_PATH}/Podfile.lock\" \"${PODS_ROOT}/Manifest.lock\" > /dev/null\nif [ $? != 0 ] ; then\n    # print error to STDERR\n    echo \"error: The sandbox is not in sync with the Podfile.lock. Run 'pod install' or update your CocoaPods installation.\" >&2\n    exit 1\nfi\n# This output is used by Xcode 'outputs' to avoid re-running this script phase.\necho \"SUCCESS\" > \"${SCRIPT_OUTPUT_FILE_0}\"\n";
			showEnvVarsInLog = 0;
		};
		3DDA694C9FA2434FA94EB4A2 /* [CP] Embed Pods Frameworks */ = {
			isa = PBXShellScriptBuildPhase;
			buildActionMask = 2147483647;
			files = (
			);
			inputPaths = (
				"${SRCROOT}/Pods/Target Support Files/Pods-Referrals/Pods-Referrals-frameworks.sh",
				"${BUILT_PRODUCTS_DIR}/Alamofire/Alamofire.framework",
				"${BUILT_PRODUCTS_DIR}/AlamofireImage/AlamofireImage.framework",
				"${BUILT_PRODUCTS_DIR}/Bolts/Bolts.framework",
				"${BUILT_PRODUCTS_DIR}/FBSDKCoreKit/FBSDKCoreKit.framework",
				"${BUILT_PRODUCTS_DIR}/FBSDKShareKit/FBSDKShareKit.framework",
				"${BUILT_PRODUCTS_DIR}/FacebookCore/FacebookCore.framework",
				"${BUILT_PRODUCTS_DIR}/FacebookShare/FacebookShare.framework",
				"${BUILT_PRODUCTS_DIR}/GTMOAuth2/GTMOAuth2.framework",
				"${BUILT_PRODUCTS_DIR}/GTMSessionFetcher/GTMSessionFetcher.framework",
				"${BUILT_PRODUCTS_DIR}/GoogleToolboxForMac/GoogleToolboxForMac.framework",
				"${BUILT_PRODUCTS_DIR}/MarqueeLabel/MarqueeLabel.framework",
				"${BUILT_PRODUCTS_DIR}/NotificationBannerSwift/NotificationBannerSwift.framework",
				"${BUILT_PRODUCTS_DIR}/ObjectMapper/ObjectMapper.framework",
				"${BUILT_PRODUCTS_DIR}/PromiseKit/PromiseKit.framework",
				"${BUILT_PRODUCTS_DIR}/SVProgressHUD/SVProgressHUD.framework",
				"${BUILT_PRODUCTS_DIR}/SnapKit/SnapKit.framework",
			);
			name = "[CP] Embed Pods Frameworks";
			outputPaths = (
				"${TARGET_BUILD_DIR}/${FRAMEWORKS_FOLDER_PATH}/Alamofire.framework",
				"${TARGET_BUILD_DIR}/${FRAMEWORKS_FOLDER_PATH}/AlamofireImage.framework",
				"${TARGET_BUILD_DIR}/${FRAMEWORKS_FOLDER_PATH}/Bolts.framework",
				"${TARGET_BUILD_DIR}/${FRAMEWORKS_FOLDER_PATH}/FBSDKCoreKit.framework",
				"${TARGET_BUILD_DIR}/${FRAMEWORKS_FOLDER_PATH}/FBSDKShareKit.framework",
				"${TARGET_BUILD_DIR}/${FRAMEWORKS_FOLDER_PATH}/FacebookCore.framework",
				"${TARGET_BUILD_DIR}/${FRAMEWORKS_FOLDER_PATH}/FacebookShare.framework",
				"${TARGET_BUILD_DIR}/${FRAMEWORKS_FOLDER_PATH}/GTMOAuth2.framework",
				"${TARGET_BUILD_DIR}/${FRAMEWORKS_FOLDER_PATH}/GTMSessionFetcher.framework",
				"${TARGET_BUILD_DIR}/${FRAMEWORKS_FOLDER_PATH}/GoogleToolboxForMac.framework",
				"${TARGET_BUILD_DIR}/${FRAMEWORKS_FOLDER_PATH}/MarqueeLabel.framework",
				"${TARGET_BUILD_DIR}/${FRAMEWORKS_FOLDER_PATH}/NotificationBannerSwift.framework",
				"${TARGET_BUILD_DIR}/${FRAMEWORKS_FOLDER_PATH}/ObjectMapper.framework",
				"${TARGET_BUILD_DIR}/${FRAMEWORKS_FOLDER_PATH}/PromiseKit.framework",
				"${TARGET_BUILD_DIR}/${FRAMEWORKS_FOLDER_PATH}/SVProgressHUD.framework",
				"${TARGET_BUILD_DIR}/${FRAMEWORKS_FOLDER_PATH}/SnapKit.framework",
			);
			runOnlyForDeploymentPostprocessing = 0;
			shellPath = /bin/sh;
			shellScript = "\"${SRCROOT}/Pods/Target Support Files/Pods-Referrals/Pods-Referrals-frameworks.sh\"\n";
			showEnvVarsInLog = 0;
		};
		9B5E4BDF210000DD005CD336 /* ShellScript */ = {
			isa = PBXShellScriptBuildPhase;
			buildActionMask = 2147483647;
			files = (
			);
			inputPaths = (
			);
			outputPaths = (
			);
			runOnlyForDeploymentPostprocessing = 0;
			shellPath = /bin/sh;
			shellScript = "\"${PODS_ROOT}/Fabric/run\" ede050f558023b921a02ba7d247dd0383dc4255a 1052eea842658b36baa7c014759affc7370201a10492c6b64777e989cb3b0639";
		};
		BCECF50677B575EFEFC5982A /* [CP] Copy Pods Resources */ = {
			isa = PBXShellScriptBuildPhase;
			buildActionMask = 2147483647;
			files = (
			);
			inputPaths = (
				"${SRCROOT}/Pods/Target Support Files/Pods-Referrals/Pods-Referrals-resources.sh",
				"${PODS_ROOT}/GoogleSignIn/Resources/GoogleSignIn.bundle",
			);
			name = "[CP] Copy Pods Resources";
			outputPaths = (
				"${TARGET_BUILD_DIR}/${UNLOCALIZED_RESOURCES_FOLDER_PATH}/GoogleSignIn.bundle",
			);
			runOnlyForDeploymentPostprocessing = 0;
			shellPath = /bin/sh;
			shellScript = "\"${SRCROOT}/Pods/Target Support Files/Pods-Referrals/Pods-Referrals-resources.sh\"\n";
			showEnvVarsInLog = 0;
		};
/* End PBXShellScriptBuildPhase section */

/* Begin PBXSourcesBuildPhase section */
		9BE7375120C839E20020AAD4 /* Sources */ = {
			isa = PBXSourcesBuildPhase;
			buildActionMask = 2147483647;
			files = (
				9BE7377C20C87AA10020AAD4 /* Server.swift in Sources */,
				9BE7377420C83CEA0020AAD4 /* LoginViewController.swift in Sources */,
				9B39807220D813E5003FE747 /* ReusableIdenfier.swift in Sources */,
				9BE7377A20C87A990020AAD4 /* APIRouter.swift in Sources */,
				9B39807420D81A16003FE747 /* OpeningDetailsVC.swift in Sources */,
				9B39809820DD4F97003FE747 /* ContactViewController.swift in Sources */,
				9BE7377E20C87AAD0020AAD4 /* APIHandler.swift in Sources */,
				9BE7378020C87E1C0020AAD4 /* DataHandler.swift in Sources */,
				9BCD953620D42DEE008B0A87 /* Recruiter.swift in Sources */,
				9BBFFE5320E2AAEB0029A772 /* UITableViewCell+ReusableIdentifier.swift in Sources */,
				9BE7377620C8539D0020AAD4 /* ProjectPath.swift in Sources */,
				9BBFFE5120E2A6850029A772 /* Field.swift in Sources */,
				9B6C2C1C20F8F1E100D47685 /* ErrorHandler.swift in Sources */,
				9BE7378220C87F610020AAD4 /* DataParser.swift in Sources */,
				9BE7377820C87A910020AAD4 /* APIManager.swift in Sources */,
				9B22E2D720E68400005BA8FA /* Referred.swift in Sources */,
				9B6C2C1420F7B9FD00D47685 /* UIViewController+ProgressHUD.swift in Sources */,
				9BE7378720C882E90020AAD4 /* String+Decode.swift in Sources */,
				9BE7375B20C839E20020AAD4 /* OpeningListTVC.swift in Sources */,
				9B39809A20DD5CF0003FE747 /* ReferViewController.swift in Sources */,
				9B5E4BD420FE3C01005CD336 /* OAuthHandler.swift in Sources */,
				9BBB5ED420D189F5006D1801 /* PositionTableViewCell.swift in Sources */,
				9BE7378420C87FED0020AAD4 /* Opening.swift in Sources */,
				9BD1E36120EFBF92009B973C /* RecruiterTableViewCell.swift in Sources */,
				9B5E4BD220FD2BE1005CD336 /* MonthYearPicker.swift in Sources */,
				9BE7375920C839E20020AAD4 /* AppDelegate.swift in Sources */,
				9B39809620DAF08F003FE747 /* SegueIdentifier.swift in Sources */,
			);
			runOnlyForDeploymentPostprocessing = 0;
		};
/* End PBXSourcesBuildPhase section */

/* Begin PBXVariantGroup section */
		9B5E4BDD20FFB0ED005CD336 /* Localizable.strings */ = {
			isa = PBXVariantGroup;
			children = (
				9B5E4BDC20FFB0ED005CD336 /* es */,
				9B5E4BDE20FFB67D005CD336 /* en */,
			);
			name = Localizable.strings;
			sourceTree = "<group>";
		};
		9BE7375C20C839E20020AAD4 /* Main.storyboard */ = {
			isa = PBXVariantGroup;
			children = (
				9BE7375D20C839E20020AAD4 /* Base */,
				9B5E4BD820FFA0E0005CD336 /* es */,
			);
			name = Main.storyboard;
			sourceTree = "<group>";
		};
		9BE7376120C839E30020AAD4 /* LaunchScreen.storyboard */ = {
			isa = PBXVariantGroup;
			children = (
				9BE7376220C839E30020AAD4 /* Base */,
				9B5E4BD720FFA0E0005CD336 /* es */,
			);
			name = LaunchScreen.storyboard;
			sourceTree = "<group>";
		};
/* End PBXVariantGroup section */

/* Begin XCBuildConfiguration section */
		9BE7376520C839E30020AAD4 /* Debug */ = {
			isa = XCBuildConfiguration;
			buildSettings = {
				ALWAYS_SEARCH_USER_PATHS = NO;
				CLANG_ANALYZER_LOCALIZABILITY_NONLOCALIZED = YES;
				CLANG_ANALYZER_NONNULL = YES;
				CLANG_ANALYZER_NUMBER_OBJECT_CONVERSION = YES_AGGRESSIVE;
				CLANG_CXX_LANGUAGE_STANDARD = "gnu++14";
				CLANG_CXX_LIBRARY = "libc++";
				CLANG_ENABLE_MODULES = YES;
				CLANG_ENABLE_OBJC_ARC = YES;
				CLANG_ENABLE_OBJC_WEAK = YES;
				CLANG_WARN_BLOCK_CAPTURE_AUTORELEASING = YES;
				CLANG_WARN_BOOL_CONVERSION = YES;
				CLANG_WARN_COMMA = YES;
				CLANG_WARN_CONSTANT_CONVERSION = YES;
				CLANG_WARN_DEPRECATED_OBJC_IMPLEMENTATIONS = YES;
				CLANG_WARN_DIRECT_OBJC_ISA_USAGE = YES_ERROR;
				CLANG_WARN_DOCUMENTATION_COMMENTS = YES;
				CLANG_WARN_EMPTY_BODY = YES;
				CLANG_WARN_ENUM_CONVERSION = YES;
				CLANG_WARN_INFINITE_RECURSION = YES;
				CLANG_WARN_INT_CONVERSION = YES;
				CLANG_WARN_NON_LITERAL_NULL_CONVERSION = YES;
				CLANG_WARN_OBJC_IMPLICIT_RETAIN_SELF = YES;
				CLANG_WARN_OBJC_LITERAL_CONVERSION = YES;
				CLANG_WARN_OBJC_ROOT_CLASS = YES_ERROR;
				CLANG_WARN_RANGE_LOOP_ANALYSIS = YES;
				CLANG_WARN_STRICT_PROTOTYPES = YES;
				CLANG_WARN_SUSPICIOUS_MOVE = YES;
				CLANG_WARN_UNGUARDED_AVAILABILITY = YES_AGGRESSIVE;
				CLANG_WARN_UNREACHABLE_CODE = YES;
				CLANG_WARN__DUPLICATE_METHOD_MATCH = YES;
				CODE_SIGN_IDENTITY = "iPhone Developer";
				COPY_PHASE_STRIP = NO;
				DEBUG_INFORMATION_FORMAT = dwarf;
				ENABLE_STRICT_OBJC_MSGSEND = YES;
				ENABLE_TESTABILITY = YES;
				GCC_C_LANGUAGE_STANDARD = gnu11;
				GCC_DYNAMIC_NO_PIC = NO;
				GCC_NO_COMMON_BLOCKS = YES;
				GCC_OPTIMIZATION_LEVEL = 0;
				GCC_PREPROCESSOR_DEFINITIONS = (
					"DEBUG=1",
					"$(inherited)",
				);
				GCC_WARN_64_TO_32_BIT_CONVERSION = YES;
				GCC_WARN_ABOUT_RETURN_TYPE = YES_ERROR;
				GCC_WARN_UNDECLARED_SELECTOR = YES;
				GCC_WARN_UNINITIALIZED_AUTOS = YES_AGGRESSIVE;
				GCC_WARN_UNUSED_FUNCTION = YES;
				GCC_WARN_UNUSED_VARIABLE = YES;
				IPHONEOS_DEPLOYMENT_TARGET = 11.0;
				MTL_ENABLE_DEBUG_INFO = YES;
				ONLY_ACTIVE_ARCH = YES;
				SDKROOT = iphoneos;
				SWIFT_ACTIVE_COMPILATION_CONDITIONS = DEBUG;
				SWIFT_OPTIMIZATION_LEVEL = "-Onone";
			};
			name = Debug;
		};
		9BE7376620C839E30020AAD4 /* Release */ = {
			isa = XCBuildConfiguration;
			buildSettings = {
				ALWAYS_SEARCH_USER_PATHS = NO;
				CLANG_ANALYZER_LOCALIZABILITY_NONLOCALIZED = YES;
				CLANG_ANALYZER_NONNULL = YES;
				CLANG_ANALYZER_NUMBER_OBJECT_CONVERSION = YES_AGGRESSIVE;
				CLANG_CXX_LANGUAGE_STANDARD = "gnu++14";
				CLANG_CXX_LIBRARY = "libc++";
				CLANG_ENABLE_MODULES = YES;
				CLANG_ENABLE_OBJC_ARC = YES;
				CLANG_ENABLE_OBJC_WEAK = YES;
				CLANG_WARN_BLOCK_CAPTURE_AUTORELEASING = YES;
				CLANG_WARN_BOOL_CONVERSION = YES;
				CLANG_WARN_COMMA = YES;
				CLANG_WARN_CONSTANT_CONVERSION = YES;
				CLANG_WARN_DEPRECATED_OBJC_IMPLEMENTATIONS = YES;
				CLANG_WARN_DIRECT_OBJC_ISA_USAGE = YES_ERROR;
				CLANG_WARN_DOCUMENTATION_COMMENTS = YES;
				CLANG_WARN_EMPTY_BODY = YES;
				CLANG_WARN_ENUM_CONVERSION = YES;
				CLANG_WARN_INFINITE_RECURSION = YES;
				CLANG_WARN_INT_CONVERSION = YES;
				CLANG_WARN_NON_LITERAL_NULL_CONVERSION = YES;
				CLANG_WARN_OBJC_IMPLICIT_RETAIN_SELF = YES;
				CLANG_WARN_OBJC_LITERAL_CONVERSION = YES;
				CLANG_WARN_OBJC_ROOT_CLASS = YES_ERROR;
				CLANG_WARN_RANGE_LOOP_ANALYSIS = YES;
				CLANG_WARN_STRICT_PROTOTYPES = YES;
				CLANG_WARN_SUSPICIOUS_MOVE = YES;
				CLANG_WARN_UNGUARDED_AVAILABILITY = YES_AGGRESSIVE;
				CLANG_WARN_UNREACHABLE_CODE = YES;
				CLANG_WARN__DUPLICATE_METHOD_MATCH = YES;
				CODE_SIGN_IDENTITY = "iPhone Developer";
				COPY_PHASE_STRIP = NO;
				DEBUG_INFORMATION_FORMAT = "dwarf-with-dsym";
				ENABLE_NS_ASSERTIONS = NO;
				ENABLE_STRICT_OBJC_MSGSEND = YES;
				GCC_C_LANGUAGE_STANDARD = gnu11;
				GCC_NO_COMMON_BLOCKS = YES;
				GCC_WARN_64_TO_32_BIT_CONVERSION = YES;
				GCC_WARN_ABOUT_RETURN_TYPE = YES_ERROR;
				GCC_WARN_UNDECLARED_SELECTOR = YES;
				GCC_WARN_UNINITIALIZED_AUTOS = YES_AGGRESSIVE;
				GCC_WARN_UNUSED_FUNCTION = YES;
				GCC_WARN_UNUSED_VARIABLE = YES;
				IPHONEOS_DEPLOYMENT_TARGET = 11.0;
				MTL_ENABLE_DEBUG_INFO = NO;
				SDKROOT = iphoneos;
				SWIFT_COMPILATION_MODE = wholemodule;
				SWIFT_OPTIMIZATION_LEVEL = "-O";
				VALIDATE_PRODUCT = YES;
			};
			name = Release;
		};
		9BE7376820C839E30020AAD4 /* Debug */ = {
			isa = XCBuildConfiguration;
			baseConfigurationReference = 173DA5AC8AD566069A6D43BB /* Pods-Referrals.debug.xcconfig */;
			buildSettings = {
				ASSETCATALOG_COMPILER_APPICON_NAME = AppIcon;
				CODE_SIGN_STYLE = Automatic;
				DEFINES_MODULE = YES;
				DEVELOPMENT_TEAM = TF76XBAQC8;
				FRAMEWORK_SEARCH_PATHS = (
					"$(inherited)",
					"$(PROJECT_DIR)",
				);
				INFOPLIST_FILE = Referrals/Info.plist;
				LD_RUNPATH_SEARCH_PATHS = (
					"$(inherited)",
					"@executable_path/Frameworks",
				);
				ONLY_ACTIVE_ARCH = YES;
				PRODUCT_BUNDLE_IDENTIFIER = com.nearsoft.Referrals;
				PRODUCT_NAME = "$(TARGET_NAME)";
				SWIFT_OBJC_BRIDGING_HEADER = "Referrals/Referral-Bridging-Header.h";
				SWIFT_VERSION = 4.0;
				TARGETED_DEVICE_FAMILY = "1,2";
			};
			name = Debug;
		};
		9BE7376920C839E30020AAD4 /* Release */ = {
			isa = XCBuildConfiguration;
			baseConfigurationReference = C063D25A654D6FF016CA87E3 /* Pods-Referrals.release.xcconfig */;
			buildSettings = {
				ASSETCATALOG_COMPILER_APPICON_NAME = AppIcon;
				CODE_SIGN_STYLE = Automatic;
				DEFINES_MODULE = YES;
				DEVELOPMENT_TEAM = TF76XBAQC8;
				FRAMEWORK_SEARCH_PATHS = (
					"$(inherited)",
					"$(PROJECT_DIR)",
				);
				INFOPLIST_FILE = Referrals/Info.plist;
				LD_RUNPATH_SEARCH_PATHS = (
					"$(inherited)",
					"@executable_path/Frameworks",
				);
				PRODUCT_BUNDLE_IDENTIFIER = com.nearsoft.Referrals;
				PRODUCT_NAME = "$(TARGET_NAME)";
				SWIFT_OBJC_BRIDGING_HEADER = "Referrals/Referral-Bridging-Header.h";
				SWIFT_VERSION = 4.0;
				TARGETED_DEVICE_FAMILY = "1,2";
			};
			name = Release;
		};
/* End XCBuildConfiguration section */

/* Begin XCConfigurationList section */
		9BE7375020C839E20020AAD4 /* Build configuration list for PBXProject "Referrals" */ = {
			isa = XCConfigurationList;
			buildConfigurations = (
				9BE7376520C839E30020AAD4 /* Debug */,
				9BE7376620C839E30020AAD4 /* Release */,
			);
			defaultConfigurationIsVisible = 0;
			defaultConfigurationName = Release;
		};
		9BE7376720C839E30020AAD4 /* Build configuration list for PBXNativeTarget "Referrals" */ = {
			isa = XCConfigurationList;
			buildConfigurations = (
				9BE7376820C839E30020AAD4 /* Debug */,
				9BE7376920C839E30020AAD4 /* Release */,
			);
			defaultConfigurationIsVisible = 0;
			defaultConfigurationName = Release;
		};
/* End XCConfigurationList section */
	};
	rootObject = 9BE7374D20C839E20020AAD4 /* Project object */;
}
